
Microsoft Visual Studio Solution File, Format Version 12.00
Project("{FAE04EC0-301F-11D3-BF4B-00C04F79EFBC}") = "Blater.Frontend", "Blater.Frontend\Blater.Frontend.csproj", "{438B3C36-FBC2-4A2B-8614-698FD8B112DA}"
EndProject
Project("{FAE04EC0-301F-11D3-BF4B-00C04F79EFBC}") = "Blater.Frontend.SourceGenerator", "Blater.Frontend.SourceGenerator\Blater.Frontend.SourceGenerator.csproj", "{FA69EF50-68D7-447E-92FD-4E96C3A06AC3}"
EndProject
Project("{2150E333-8FDC-42A3-9474-1A3956D46DE8}") = "Public", "Public", "{C5262A89-81F8-4913-BD34-7DD0E7DBFAAC}"
EndProject
Project("{FAE04EC0-301F-11D3-BF4B-00C04F79EFBC}") = "Blater", "..\..\Blater\src\Blater\Blater.csproj", "{D3BECD5A-D3ED-4EA1-A7B2-E96631E52A57}"
EndProject
Project("{FAE04EC0-301F-11D3-BF4B-00C04F79EFBC}") = "Blater.SDK", "..\..\Blater.SDK\src\Blater.SDK\Blater.SDK.csproj", "{4402DB02-4D44-45C4-B622-D545B2FAD124}"
EndProject
Project("{FAE04EC0-301F-11D3-BF4B-00C04F79EFBC}") = "Blater.Frontend.Charts", "Blater.Frontend.Charts\Blater.Frontend.Charts.csproj", "{75CE3566-6F0C-48F7-B407-A6D9B48C5A90}"
EndProject
Project("{FAE04EC0-301F-11D3-BF4B-00C04F79EFBC}") = "Blater.Frontend.Store", "Blater.Frontend.Store\Blater.Frontend.Store.csproj", "{E745DC89-B403-4C65-B4A7-C0CB7A8EC876}"
EndProject
Project("{FAE04EC0-301F-11D3-BF4B-00C04F79EFBC}") = "Blater.Frontend.Chat", "Blater.Frontend.Chat\Blater.Frontend.Chat.csproj", "{51AD232C-6F05-4089-AF15-722BA38C8DF9}"
EndProject
Project("{2150E333-8FDC-42A3-9474-1A3956D46DE8}") = "SolutionFolder", "SolutionFolder", "{C0BD395B-C0A7-4BDF-9E1B-3F0DBCFF6FFE}"
	ProjectSection(SolutionItems) = preProject
		Directory.Build.props = Directory.Build.props
		.editorconfig = .editorconfig
	EndProjectSection
EndProject
Project("{2150E333-8FDC-42A3-9474-1A3956D46DE8}") = "Components", "Components", "{5187165B-E6FB-48E0-A94F-1349EE010C42}"
EndProject
Project("{FAE04EC0-301F-11D3-BF4B-00C04F79EFBC}") = "Blater.Frontend.Client", "Blater.Frontend.Client\Blater.Frontend.Client.csproj", "{74C95874-56D6-4BED-963E-967518BA3773}"
EndProject
Project("{FAE04EC0-301F-11D3-BF4B-00C04F79EFBC}") = "Blater.Frontend.Monaco", "Blater.Frontend.Monaco\Blater.Frontend.Monaco.csproj", "{BDAEA174-64DD-456C-9D77-AD6DDEC08EAE}"
EndProject
Global
	GlobalSection(SolutionConfigurationPlatforms) = preSolution
		Debug|Any CPU = Debug|Any CPU
		Release|Any CPU = Release|Any CPU
	EndGlobalSection
	GlobalSection(ProjectConfigurationPlatforms) = postSolution
		{438B3C36-FBC2-4A2B-8614-698FD8B112DA}.Debug|Any CPU.ActiveCfg = Debug|Any CPU
		{438B3C36-FBC2-4A2B-8614-698FD8B112DA}.Debug|Any CPU.Build.0 = Debug|Any CPU
		{438B3C36-FBC2-4A2B-8614-698FD8B112DA}.Release|Any CPU.ActiveCfg = Release|Any CPU
		{438B3C36-FBC2-4A2B-8614-698FD8B112DA}.Release|Any CPU.Build.0 = Release|Any CPU
		{FA69EF50-68D7-447E-92FD-4E96C3A06AC3}.Debug|Any CPU.ActiveCfg = Debug|Any CPU
		{FA69EF50-68D7-447E-92FD-4E96C3A06AC3}.Debug|Any CPU.Build.0 = Debug|Any CPU
		{FA69EF50-68D7-447E-92FD-4E96C3A06AC3}.Release|Any CPU.ActiveCfg = Release|Any CPU
		{FA69EF50-68D7-447E-92FD-4E96C3A06AC3}.Release|Any CPU.Build.0 = Release|Any CPU
		{D3BECD5A-D3ED-4EA1-A7B2-E96631E52A57}.Debug|Any CPU.ActiveCfg = Debug|Any CPU
		{D3BECD5A-D3ED-4EA1-A7B2-E96631E52A57}.Debug|Any CPU.Build.0 = Debug|Any CPU
		{D3BECD5A-D3ED-4EA1-A7B2-E96631E52A57}.Release|Any CPU.ActiveCfg = Release|Any CPU
		{D3BECD5A-D3ED-4EA1-A7B2-E96631E52A57}.Release|Any CPU.Build.0 = Release|Any CPU
		{4402DB02-4D44-45C4-B622-D545B2FAD124}.Debug|Any CPU.ActiveCfg = Debug|Any CPU
		{4402DB02-4D44-45C4-B622-D545B2FAD124}.Debug|Any CPU.Build.0 = Debug|Any CPU
		{4402DB02-4D44-45C4-B622-D545B2FAD124}.Release|Any CPU.ActiveCfg = Release|Any CPU
		{4402DB02-4D44-45C4-B622-D545B2FAD124}.Release|Any CPU.Build.0 = Release|Any CPU
		{75CE3566-6F0C-48F7-B407-A6D9B48C5A90}.Debug|Any CPU.ActiveCfg = Debug|Any CPU
		{75CE3566-6F0C-48F7-B407-A6D9B48C5A90}.Debug|Any CPU.Build.0 = Debug|Any CPU
		{75CE3566-6F0C-48F7-B407-A6D9B48C5A90}.Release|Any CPU.ActiveCfg = Release|Any CPU
		{75CE3566-6F0C-48F7-B407-A6D9B48C5A90}.Release|Any CPU.Build.0 = Release|Any CPU
		{E745DC89-B403-4C65-B4A7-C0CB7A8EC876}.Debug|Any CPU.ActiveCfg = Debug|Any CPU
		{E745DC89-B403-4C65-B4A7-C0CB7A8EC876}.Debug|Any CPU.Build.0 = Debug|Any CPU
		{E745DC89-B403-4C65-B4A7-C0CB7A8EC876}.Release|Any CPU.ActiveCfg = Release|Any CPU
		{E745DC89-B403-4C65-B4A7-C0CB7A8EC876}.Release|Any CPU.Build.0 = Release|Any CPU
		{51AD232C-6F05-4089-AF15-722BA38C8DF9}.Debug|Any CPU.ActiveCfg = Debug|Any CPU
		{51AD232C-6F05-4089-AF15-722BA38C8DF9}.Debug|Any CPU.Build.0 = Debug|Any CPU
		{51AD232C-6F05-4089-AF15-722BA38C8DF9}.Release|Any CPU.ActiveCfg = Release|Any CPU
		{51AD232C-6F05-4089-AF15-722BA38C8DF9}.Release|Any CPU.Build.0 = Release|Any CPU
		{74C95874-56D6-4BED-963E-967518BA3773}.Debug|Any CPU.ActiveCfg = Debug|Any CPU
		{74C95874-56D6-4BED-963E-967518BA3773}.Debug|Any CPU.Build.0 = Debug|Any CPU
		{74C95874-56D6-4BED-963E-967518BA3773}.Release|Any CPU.ActiveCfg = Release|Any CPU
		{74C95874-56D6-4BED-963E-967518BA3773}.Release|Any CPU.Build.0 = Release|Any CPU
		{BDAEA174-64DD-456C-9D77-AD6DDEC08EAE}.Debug|Any CPU.ActiveCfg = Debug|Any CPU
		{BDAEA174-64DD-456C-9D77-AD6DDEC08EAE}.Debug|Any CPU.Build.0 = Debug|Any CPU
		{BDAEA174-64DD-456C-9D77-AD6DDEC08EAE}.Release|Any CPU.ActiveCfg = Release|Any CPU
		{BDAEA174-64DD-456C-9D77-AD6DDEC08EAE}.Release|Any CPU.Build.0 = Release|Any CPU
	EndGlobalSection
	GlobalSection(NestedProjects) = preSolution
		{D3BECD5A-D3ED-4EA1-A7B2-E96631E52A57} = {C5262A89-81F8-4913-BD34-7DD0E7DBFAAC}
		{4402DB02-4D44-45C4-B622-D545B2FAD124} = {C5262A89-81F8-4913-BD34-7DD0E7DBFAAC}
		{75CE3566-6F0C-48F7-B407-A6D9B48C5A90} = {5187165B-E6FB-48E0-A94F-1349EE010C42}
		{51AD232C-6F05-4089-AF15-722BA38C8DF9} = {5187165B-E6FB-48E0-A94F-1349EE010C42}
		{E745DC89-B403-4C65-B4A7-C0CB7A8EC876} = {5187165B-E6FB-48E0-A94F-1349EE010C42}
		{BDAEA174-64DD-456C-9D77-AD6DDEC08EAE} = {5187165B-E6FB-48E0-A94F-1349EE010C42}
	EndGlobalSection
EndGlobal
