
Microsoft Visual Studio Solution File, Format Version 12.00
Project("{FAE04EC0-301F-11D3-BF4B-00C04F79EFBC}") = "Blater.FrontEnd", "Blater.FrontEnd\Blater.FrontEnd.csproj", "{438B3C36-FBC2-4A2B-8614-698FD8B112DA}"
EndProject
Global
	GlobalSection(SolutionConfigurationPlatforms) = preSolution
		Debug|Any CPU = Debug|Any CPU
		Release|Any CPU = Release|Any CPU
	EndGlobalSection
	GlobalSection(ProjectConfigurationPlatforms) = postSolution
		{438B3C36-FBC2-4A2B-8614-698FD8B112DA}.Debug|Any CPU.ActiveCfg = Debug|Any CPU
		{438B3C36-FBC2-4A2B-8614-698FD8B112DA}.Debug|Any CPU.Build.0 = Debug|Any CPU
		{438B3C36-FBC2-4A2B-8614-698FD8B112DA}.Release|Any CPU.ActiveCfg = Release|Any CPU
		{438B3C36-FBC2-4A2B-8614-698FD8B112DA}.Release|Any CPU.Build.0 = Release|Any CPU
	EndGlobalSection
EndGlobal
